
Microsoft Visual Studio Solution File, Format Version 12.00
# Visual Studio Version 16
VisualStudioVersion = 16.0.31729.503
MinimumVisualStudioVersion = 10.0.40219.1
Project("{FAE04EC0-301F-11D3-BF4B-00C04F79EFBC}") = "DatingApp", "DatingApp.csproj", "{457DEDE7-2410-48C6-A1EF-6B826B558179}"
EndProject
Global
	GlobalSection(SolutionConfigurationPlatforms) = preSolution
		Debug|Any CPU = Debug|Any CPU
		Release|Any CPU = Release|Any CPU
	EndGlobalSection
	GlobalSection(ProjectConfigurationPlatforms) = postSolution
		{457DEDE7-2410-48C6-A1EF-6B826B558179}.Debug|Any CPU.ActiveCfg = Debug|Any CPU
		{457DEDE7-2410-48C6-A1EF-6B826B558179}.Debug|Any CPU.Build.0 = Debug|Any CPU
		{457DEDE7-2410-48C6-A1EF-6B826B558179}.Release|Any CPU.ActiveCfg = Release|Any CPU
		{457DEDE7-2410-48C6-A1EF-6B826B558179}.Release|Any CPU.Build.0 = Release|Any CPU
	EndGlobalSection
	GlobalSection(SolutionProperties) = preSolution
		HideSolutionNode = FALSE
	EndGlobalSection
	GlobalSection(ExtensibilityGlobals) = postSolution
		SolutionGuid = {48562004-058A-4761-9C91-E54557D0E84E}
	EndGlobalSection
EndGlobal
